
Microsoft Visual Studio Solution File, Format Version 12.00
# Visual Studio Version 16
VisualStudioVersion = 16.0.30225.117
MinimumVisualStudioVersion = 10.0.40219.1
Project("{FAE04EC0-301F-11D3-BF4B-00C04F79EFBC}") = "WindowsFormsApp6", "WindowsFormsApp6\WindowsFormsApp6.csproj", "{1BAF6B87-7C2C-4B06-8953-1F79371BFF0B}"
EndProject
Global
	GlobalSection(SolutionConfigurationPlatforms) = preSolution
		Debug|Any CPU = Debug|Any CPU
		Release|Any CPU = Release|Any CPU
	EndGlobalSection
	GlobalSection(ProjectConfigurationPlatforms) = postSolution
		{1BAF6B87-7C2C-4B06-8953-1F79371BFF0B}.Debug|Any CPU.ActiveCfg = Debug|Any CPU
		{1BAF6B87-7C2C-4B06-8953-1F79371BFF0B}.Debug|Any CPU.Build.0 = Debug|Any CPU
		{1BAF6B87-7C2C-4B06-8953-1F79371BFF0B}.Release|Any CPU.ActiveCfg = Release|Any CPU
		{1BAF6B87-7C2C-4B06-8953-1F79371BFF0B}.Release|Any CPU.Build.0 = Release|Any CPU
	EndGlobalSection
	GlobalSection(SolutionProperties) = preSolution
		HideSolutionNode = FALSE
	EndGlobalSection
	GlobalSection(ExtensibilityGlobals) = postSolution
		SolutionGuid = {2A505FAA-9933-46D1-8D62-6EC76571370E}
	EndGlobalSection
EndGlobal
